
Microsoft Visual Studio Solution File, Format Version 12.00
# Visual Studio Version 16
VisualStudioVersion = 16.0.29411.108
MinimumVisualStudioVersion = 10.0.40219.1
Project("{FAE04EC0-301F-11D3-BF4B-00C04F79EFBC}") = "Strategy", "Strategy\Strategy.csproj", "{05B6565C-EEBF-4CEC-8482-05A9AF70783D}"
EndProject
Global
	GlobalSection(SolutionConfigurationPlatforms) = preSolution
		Debug|Any CPU = Debug|Any CPU
		Release|Any CPU = Release|Any CPU
	EndGlobalSection
	GlobalSection(ProjectConfigurationPlatforms) = postSolution
		{05B6565C-EEBF-4CEC-8482-05A9AF70783D}.Debug|Any CPU.ActiveCfg = Debug|Any CPU
		{05B6565C-EEBF-4CEC-8482-05A9AF70783D}.Debug|Any CPU.Build.0 = Debug|Any CPU
		{05B6565C-EEBF-4CEC-8482-05A9AF70783D}.Release|Any CPU.ActiveCfg = Release|Any CPU
		{05B6565C-EEBF-4CEC-8482-05A9AF70783D}.Release|Any CPU.Build.0 = Release|Any CPU
	EndGlobalSection
	GlobalSection(SolutionProperties) = preSolution
		HideSolutionNode = FALSE
	EndGlobalSection
	GlobalSection(ExtensibilityGlobals) = postSolution
		SolutionGuid = {7DA3D6DB-3220-43C4-B1EF-C10601B0BBDB}
	EndGlobalSection
EndGlobal
